
Microsoft Visual Studio Solution File, Format Version 12.00
# Visual Studio Version 16
VisualStudioVersion = 16.6.30114.105
MinimumVisualStudioVersion = 10.0.40219.1
Project("{FAE04EC0-301F-11D3-BF4B-00C04F79EFBC}") = "ArquiteturaLimpa.API", "ArquiteturaLimpa.API\ArquiteturaLimpa.API.csproj", "{D53B9381-140E-4893-BFC9-4CF37AE70315}"
EndProject
Project("{FAE04EC0-301F-11D3-BF4B-00C04F79EFBC}") = "ArquiteturaLimpa.Aplicacao", "ArquiteturaLimpa.Aplicacao\ArquiteturaLimpa.Aplicacao.csproj", "{D58FB893-2A35-47D1-81EF-BB2FB5A63C81}"
EndProject
Project("{FAE04EC0-301F-11D3-BF4B-00C04F79EFBC}") = "ArquiteturaLimpa.Dominio", "ArquiteturaLimpa.Dominio\ArquiteturaLimpa.Dominio.csproj", "{06759E34-DB27-4A46-AAC3-426620C5A066}"
EndProject
Project("{FAE04EC0-301F-11D3-BF4B-00C04F79EFBC}") = "ArquiteturaLimpa.Infra.Repositorio", "ArquiteturaLimpa.Infra.Repositorio\ArquiteturaLimpa.Infra.Repositorio.csproj", "{59D2230D-D081-4F75-80C8-FE46A2558F87}"
EndProject
Project("{FAE04EC0-301F-11D3-BF4B-00C04F79EFBC}") = "ArquiteturaLimpa.InversaoControle", "ArquiteturaLimpa.InversaoControle\ArquiteturaLimpa.InversaoControle.csproj", "{FB7F988F-6C1B-475C-9CBE-2550FE1851FA}"
EndProject
Project("{FAE04EC0-301F-11D3-BF4B-00C04F79EFBC}") = "ArquiteturaLimpa.Servico", "ArquiteturaLimpa.Servico\ArquiteturaLimpa.Servico.csproj", "{4F7BFA64-4EDC-45E9-8CA9-AB05F172BB07}"
EndProject
Global
	GlobalSection(SolutionConfigurationPlatforms) = preSolution
		Debug|Any CPU = Debug|Any CPU
		Debug|x64 = Debug|x64
		Debug|x86 = Debug|x86
		Release|Any CPU = Release|Any CPU
		Release|x64 = Release|x64
		Release|x86 = Release|x86
	EndGlobalSection
	GlobalSection(SolutionProperties) = preSolution
		HideSolutionNode = FALSE
	EndGlobalSection
	GlobalSection(ProjectConfigurationPlatforms) = postSolution
		{D53B9381-140E-4893-BFC9-4CF37AE70315}.Debug|Any CPU.ActiveCfg = Debug|Any CPU
		{D53B9381-140E-4893-BFC9-4CF37AE70315}.Debug|Any CPU.Build.0 = Debug|Any CPU
		{D53B9381-140E-4893-BFC9-4CF37AE70315}.Debug|x64.ActiveCfg = Debug|Any CPU
		{D53B9381-140E-4893-BFC9-4CF37AE70315}.Debug|x64.Build.0 = Debug|Any CPU
		{D53B9381-140E-4893-BFC9-4CF37AE70315}.Debug|x86.ActiveCfg = Debug|Any CPU
		{D53B9381-140E-4893-BFC9-4CF37AE70315}.Debug|x86.Build.0 = Debug|Any CPU
		{D53B9381-140E-4893-BFC9-4CF37AE70315}.Release|Any CPU.ActiveCfg = Release|Any CPU
		{D53B9381-140E-4893-BFC9-4CF37AE70315}.Release|Any CPU.Build.0 = Release|Any CPU
		{D53B9381-140E-4893-BFC9-4CF37AE70315}.Release|x64.ActiveCfg = Release|Any CPU
		{D53B9381-140E-4893-BFC9-4CF37AE70315}.Release|x64.Build.0 = Release|Any CPU
		{D53B9381-140E-4893-BFC9-4CF37AE70315}.Release|x86.ActiveCfg = Release|Any CPU
		{D53B9381-140E-4893-BFC9-4CF37AE70315}.Release|x86.Build.0 = Release|Any CPU
		{D58FB893-2A35-47D1-81EF-BB2FB5A63C81}.Debug|Any CPU.ActiveCfg = Debug|Any CPU
		{D58FB893-2A35-47D1-81EF-BB2FB5A63C81}.Debug|Any CPU.Build.0 = Debug|Any CPU
		{D58FB893-2A35-47D1-81EF-BB2FB5A63C81}.Debug|x64.ActiveCfg = Debug|Any CPU
		{D58FB893-2A35-47D1-81EF-BB2FB5A63C81}.Debug|x64.Build.0 = Debug|Any CPU
		{D58FB893-2A35-47D1-81EF-BB2FB5A63C81}.Debug|x86.ActiveCfg = Debug|Any CPU
		{D58FB893-2A35-47D1-81EF-BB2FB5A63C81}.Debug|x86.Build.0 = Debug|Any CPU
		{D58FB893-2A35-47D1-81EF-BB2FB5A63C81}.Release|Any CPU.ActiveCfg = Release|Any CPU
		{D58FB893-2A35-47D1-81EF-BB2FB5A63C81}.Release|Any CPU.Build.0 = Release|Any CPU
		{D58FB893-2A35-47D1-81EF-BB2FB5A63C81}.Release|x64.ActiveCfg = Release|Any CPU
		{D58FB893-2A35-47D1-81EF-BB2FB5A63C81}.Release|x64.Build.0 = Release|Any CPU
		{D58FB893-2A35-47D1-81EF-BB2FB5A63C81}.Release|x86.ActiveCfg = Release|Any CPU
		{D58FB893-2A35-47D1-81EF-BB2FB5A63C81}.Release|x86.Build.0 = Release|Any CPU
		{06759E34-DB27-4A46-AAC3-426620C5A066}.Debug|Any CPU.ActiveCfg = Debug|Any CPU
		{06759E34-DB27-4A46-AAC3-426620C5A066}.Debug|Any CPU.Build.0 = Debug|Any CPU
		{06759E34-DB27-4A46-AAC3-426620C5A066}.Debug|x64.ActiveCfg = Debug|Any CPU
		{06759E34-DB27-4A46-AAC3-426620C5A066}.Debug|x64.Build.0 = Debug|Any CPU
		{06759E34-DB27-4A46-AAC3-426620C5A066}.Debug|x86.ActiveCfg = Debug|Any CPU
		{06759E34-DB27-4A46-AAC3-426620C5A066}.Debug|x86.Build.0 = Debug|Any CPU
		{06759E34-DB27-4A46-AAC3-426620C5A066}.Release|Any CPU.ActiveCfg = Release|Any CPU
		{06759E34-DB27-4A46-AAC3-426620C5A066}.Release|Any CPU.Build.0 = Release|Any CPU
		{06759E34-DB27-4A46-AAC3-426620C5A066}.Release|x64.ActiveCfg = Release|Any CPU
		{06759E34-DB27-4A46-AAC3-426620C5A066}.Release|x64.Build.0 = Release|Any CPU
		{06759E34-DB27-4A46-AAC3-426620C5A066}.Release|x86.ActiveCfg = Release|Any CPU
		{06759E34-DB27-4A46-AAC3-426620C5A066}.Release|x86.Build.0 = Release|Any CPU
		{59D2230D-D081-4F75-80C8-FE46A2558F87}.Debug|Any CPU.ActiveCfg = Debug|Any CPU
		{59D2230D-D081-4F75-80C8-FE46A2558F87}.Debug|Any CPU.Build.0 = Debug|Any CPU
		{59D2230D-D081-4F75-80C8-FE46A2558F87}.Debug|x64.ActiveCfg = Debug|Any CPU
		{59D2230D-D081-4F75-80C8-FE46A2558F87}.Debug|x64.Build.0 = Debug|Any CPU
		{59D2230D-D081-4F75-80C8-FE46A2558F87}.Debug|x86.ActiveCfg = Debug|Any CPU
		{59D2230D-D081-4F75-80C8-FE46A2558F87}.Debug|x86.Build.0 = Debug|Any CPU
		{59D2230D-D081-4F75-80C8-FE46A2558F87}.Release|Any CPU.ActiveCfg = Release|Any CPU
		{59D2230D-D081-4F75-80C8-FE46A2558F87}.Release|Any CPU.Build.0 = Release|Any CPU
		{59D2230D-D081-4F75-80C8-FE46A2558F87}.Release|x64.ActiveCfg = Release|Any CPU
		{59D2230D-D081-4F75-80C8-FE46A2558F87}.Release|x64.Build.0 = Release|Any CPU
		{59D2230D-D081-4F75-80C8-FE46A2558F87}.Release|x86.ActiveCfg = Release|Any CPU
		{59D2230D-D081-4F75-80C8-FE46A2558F87}.Release|x86.Build.0 = Release|Any CPU
		{FB7F988F-6C1B-475C-9CBE-2550FE1851FA}.Debug|Any CPU.ActiveCfg = Debug|Any CPU
		{FB7F988F-6C1B-475C-9CBE-2550FE1851FA}.Debug|Any CPU.Build.0 = Debug|Any CPU
		{FB7F988F-6C1B-475C-9CBE-2550FE1851FA}.Debug|x64.ActiveCfg = Debug|Any CPU
		{FB7F988F-6C1B-475C-9CBE-2550FE1851FA}.Debug|x64.Build.0 = Debug|Any CPU
		{FB7F988F-6C1B-475C-9CBE-2550FE1851FA}.Debug|x86.ActiveCfg = Debug|Any CPU
		{FB7F988F-6C1B-475C-9CBE-2550FE1851FA}.Debug|x86.Build.0 = Debug|Any CPU
		{FB7F988F-6C1B-475C-9CBE-2550FE1851FA}.Release|Any CPU.ActiveCfg = Release|Any CPU
		{FB7F988F-6C1B-475C-9CBE-2550FE1851FA}.Release|Any CPU.Build.0 = Release|Any CPU
		{FB7F988F-6C1B-475C-9CBE-2550FE1851FA}.Release|x64.ActiveCfg = Release|Any CPU
		{FB7F988F-6C1B-475C-9CBE-2550FE1851FA}.Release|x64.Build.0 = Release|Any CPU
		{FB7F988F-6C1B-475C-9CBE-2550FE1851FA}.Release|x86.ActiveCfg = Release|Any CPU
		{FB7F988F-6C1B-475C-9CBE-2550FE1851FA}.Release|x86.Build.0 = Release|Any CPU
		{4F7BFA64-4EDC-45E9-8CA9-AB05F172BB07}.Debug|Any CPU.ActiveCfg = Debug|Any CPU
		{4F7BFA64-4EDC-45E9-8CA9-AB05F172BB07}.Debug|Any CPU.Build.0 = Debug|Any CPU
		{4F7BFA64-4EDC-45E9-8CA9-AB05F172BB07}.Debug|x64.ActiveCfg = Debug|Any CPU
		{4F7BFA64-4EDC-45E9-8CA9-AB05F172BB07}.Debug|x64.Build.0 = Debug|Any CPU
		{4F7BFA64-4EDC-45E9-8CA9-AB05F172BB07}.Debug|x86.ActiveCfg = Debug|Any CPU
		{4F7BFA64-4EDC-45E9-8CA9-AB05F172BB07}.Debug|x86.Build.0 = Debug|Any CPU
		{4F7BFA64-4EDC-45E9-8CA9-AB05F172BB07}.Release|Any CPU.ActiveCfg = Release|Any CPU
		{4F7BFA64-4EDC-45E9-8CA9-AB05F172BB07}.Release|Any CPU.Build.0 = Release|Any CPU
		{4F7BFA64-4EDC-45E9-8CA9-AB05F172BB07}.Release|x64.ActiveCfg = Release|Any CPU
		{4F7BFA64-4EDC-45E9-8CA9-AB05F172BB07}.Release|x64.Build.0 = Release|Any CPU
		{4F7BFA64-4EDC-45E9-8CA9-AB05F172BB07}.Release|x86.ActiveCfg = Release|Any CPU
		{4F7BFA64-4EDC-45E9-8CA9-AB05F172BB07}.Release|x86.Build.0 = Release|Any CPU
	EndGlobalSection
EndGlobal
